// !$*UTF8*$!
{
	archiveVersion = 1;
	classes = {
	};
	objectVersion = 46;
	objects = {

/* Begin PBXBuildFile section */
		BC0B35491AABAB54009FB458 /* main.m in Sources */ = {isa = PBXBuildFile; fileRef = BC0B35481AABAB54009FB458 /* main.m */; };
		BC0B354C1AABAB54009FB458 /* AppDelegate.m in Sources */ = {isa = PBXBuildFile; fileRef = BC0B354B1AABAB54009FB458 /* AppDelegate.m */; };
		BC0B35521AABAB54009FB458 /* Main.storyboard in Resources */ = {isa = PBXBuildFile; fileRef = BC0B35501AABAB54009FB458 /* Main.storyboard */; };
		BC0B35541AABAB54009FB458 /* Images.xcassets in Resources */ = {isa = PBXBuildFile; fileRef = BC0B35531AABAB54009FB458 /* Images.xcassets */; };
		BC0B35571AABAB54009FB458 /* LaunchScreen.xib in Resources */ = {isa = PBXBuildFile; fileRef = BC0B35551AABAB54009FB458 /* LaunchScreen.xib */; };
		BC0B35631AABAB54009FB458 /* SlangAppTests.m in Sources */ = {isa = PBXBuildFile; fileRef = BC0B35621AABAB54009FB458 /* SlangAppTests.m */; };
		BC0B356F1AABAC3A009FB458 /* SLAWord.m in Sources */ = {isa = PBXBuildFile; fileRef = BC0B356E1AABAC3A009FB458 /* SLAWord.m */; };
		BC0B35721AABAD8B009FB458 /* SLADefinition.m in Sources */ = {isa = PBXBuildFile; fileRef = BC0B35711AABAD8B009FB458 /* SLADefinition.m */; };
		BC0B35751AABD1A9009FB458 /* SLAVineVideo.m in Sources */ = {isa = PBXBuildFile; fileRef = BC0B35741AABD1A9009FB458 /* SLAVineVideo.m */; };
		BC0B357D1AABE62B009FB458 /* SLAAPI.m in Sources */ = {isa = PBXBuildFile; fileRef = BC0B357C1AABE62B009FB458 /* SLAAPI.m */; };
		BC0B35801AABEA5E009FB458 /* SLABaseAPI.m in Sources */ = {isa = PBXBuildFile; fileRef = BC0B357F1AABEA5E009FB458 /* SLABaseAPI.m */; };
		BC0B35831AABF0E3009FB458 /* SLAWordDataSource.m in Sources */ = {isa = PBXBuildFile; fileRef = BC0B35821AABF0E3009FB458 /* SLAWordDataSource.m */; };
		BC0B35871AAC041A009FB458 /* SLAHomeViewController.m in Sources */ = {isa = PBXBuildFile; fileRef = BC0B35861AAC041A009FB458 /* SLAHomeViewController.m */; };
		BC0B358A1AAC0BD7009FB458 /* SLADefinitionViewController.m in Sources */ = {isa = PBXBuildFile; fileRef = BC0B35891AAC0BD7009FB458 /* SLADefinitionViewController.m */; };
		BC0B358D1AAC139C009FB458 /* SLADefinitionCell.xib in Resources */ = {isa = PBXBuildFile; fileRef = BC0B358C1AAC139C009FB458 /* SLADefinitionCell.xib */; };
		BC0B35931AAC16FF009FB458 /* SLADefinitionCell.m in Sources */ = {isa = PBXBuildFile; fileRef = BC0B35921AAC16FF009FB458 /* SLADefinitionCell.m */; };
		BC0B35951AAC39F2009FB458 /* SLAWordCell.xib in Resources */ = {isa = PBXBuildFile; fileRef = BC0B35941AAC39F2009FB458 /* SLAWordCell.xib */; };
		BC0B35981AAC3A14009FB458 /* SLAWordCell.m in Sources */ = {isa = PBXBuildFile; fileRef = BC0B35971AAC3A14009FB458 /* SLAWordCell.m */; };
		BC0B359A1AACE03F009FB458 /* SLADropdownHeaderCell.xib in Resources */ = {isa = PBXBuildFile; fileRef = BC0B35991AACE03F009FB458 /* SLADropdownHeaderCell.xib */; };
		BC0B359D1AACE3BB009FB458 /* SLADropdownHeaderCell.m in Sources */ = {isa = PBXBuildFile; fileRef = BC0B359C1AACE3BB009FB458 /* SLADropdownHeaderCell.m */; };
		BC0B35A11AACF1E5009FB458 /* UIColor+SlangApp.m in Sources */ = {isa = PBXBuildFile; fileRef = BC0B35A01AACF1E5009FB458 /* UIColor+SlangApp.m */; };
		BC0B35A31AACF6CD009FB458 /* SLAExampleCell.xib in Resources */ = {isa = PBXBuildFile; fileRef = BC0B35A21AACF6CD009FB458 /* SLAExampleCell.xib */; };
		BC0B35A61AACF729009FB458 /* SLAExampleCell.m in Sources */ = {isa = PBXBuildFile; fileRef = BC0B35A51AACF729009FB458 /* SLAExampleCell.m */; };
		BC0B35AA1AAD083C009FB458 /* SLATagsCell.xib in Resources */ = {isa = PBXBuildFile; fileRef = BC0B35A91AAD083C009FB458 /* SLATagsCell.xib */; };
		BC0B35AD1AAD08D3009FB458 /* SLATagsCell.m in Sources */ = {isa = PBXBuildFile; fileRef = BC0B35AC1AAD08D3009FB458 /* SLATagsCell.m */; };
		BC0B35B01AAD0931009FB458 /* SLATagCell.m in Sources */ = {isa = PBXBuildFile; fileRef = BC0B35AF1AAD0931009FB458 /* SLATagCell.m */; };
		BC0B35B21AAD0943009FB458 /* SLATagCell.xib in Resources */ = {isa = PBXBuildFile; fileRef = BC0B35B11AAD0943009FB458 /* SLATagCell.xib */; };
		BC0B35B71AAEACFE009FB458 /* AWEasyVideoPlayer.m in Sources */ = {isa = PBXBuildFile; fileRef = BC0B35B61AAEACFE009FB458 /* AWEasyVideoPlayer.m */; };
		BC46ED541AB015F1001C3C08 /* SLAVineCell.xib in Resources */ = {isa = PBXBuildFile; fileRef = BC46ED531AB015F1001C3C08 /* SLAVineCell.xib */; };
		BC46ED5C1AB1535B001C3C08 /* SLAVineCell.m in Sources */ = {isa = PBXBuildFile; fileRef = BC46ED5B1AB1535B001C3C08 /* SLAVineCell.m */; };
		C425C25856DE4A56B3DB9545 /* libPods.a in Frameworks */ = {isa = PBXBuildFile; fileRef = 380E04B93492474AB9A38BE5 /* libPods.a */; };
/* End PBXBuildFile section */

/* Begin PBXContainerItemProxy section */
		BC0B355D1AABAB54009FB458 /* PBXContainerItemProxy */ = {
			isa = PBXContainerItemProxy;
			containerPortal = BC0B353B1AABAB54009FB458 /* Project object */;
			proxyType = 1;
			remoteGlobalIDString = BC0B35421AABAB54009FB458;
			remoteInfo = SlangApp;
		};
/* End PBXContainerItemProxy section */

/* Begin PBXFileReference section */
		380E04B93492474AB9A38BE5 /* libPods.a */ = {isa = PBXFileReference; explicitFileType = archive.ar; includeInIndex = 0; path = libPods.a; sourceTree = BUILT_PRODUCTS_DIR; };
		B5386A252AAA44ABA9E13414 /* Pods.xcconfig */ = {isa = PBXFileReference; includeInIndex = 1; lastKnownFileType = text.xcconfig; name = Pods.xcconfig; path = Pods/Pods.xcconfig; sourceTree = "<group>"; };
		BC0B35431AABAB54009FB458 /* SlangApp.app */ = {isa = PBXFileReference; explicitFileType = wrapper.application; includeInIndex = 0; path = SlangApp.app; sourceTree = BUILT_PRODUCTS_DIR; };
		BC0B35471AABAB54009FB458 /* Info.plist */ = {isa = PBXFileReference; lastKnownFileType = text.plist.xml; path = Info.plist; sourceTree = "<group>"; };
		BC0B35481AABAB54009FB458 /* main.m */ = {isa = PBXFileReference; lastKnownFileType = sourcecode.c.objc; path = main.m; sourceTree = "<group>"; };
		BC0B354A1AABAB54009FB458 /* AppDelegate.h */ = {isa = PBXFileReference; lastKnownFileType = sourcecode.c.h; path = AppDelegate.h; sourceTree = "<group>"; };
		BC0B354B1AABAB54009FB458 /* AppDelegate.m */ = {isa = PBXFileReference; lastKnownFileType = sourcecode.c.objc; path = AppDelegate.m; sourceTree = "<group>"; };
		BC0B35511AABAB54009FB458 /* Base */ = {isa = PBXFileReference; lastKnownFileType = file.storyboard; name = Base; path = Base.lproj/Main.storyboard; sourceTree = "<group>"; };
		BC0B35531AABAB54009FB458 /* Images.xcassets */ = {isa = PBXFileReference; lastKnownFileType = folder.assetcatalog; path = Images.xcassets; sourceTree = "<group>"; };
		BC0B35561AABAB54009FB458 /* Base */ = {isa = PBXFileReference; lastKnownFileType = file.xib; name = Base; path = Base.lproj/LaunchScreen.xib; sourceTree = "<group>"; };
		BC0B355C1AABAB54009FB458 /* SlangAppTests.xctest */ = {isa = PBXFileReference; explicitFileType = wrapper.cfbundle; includeInIndex = 0; path = SlangAppTests.xctest; sourceTree = BUILT_PRODUCTS_DIR; };
		BC0B35611AABAB54009FB458 /* Info.plist */ = {isa = PBXFileReference; lastKnownFileType = text.plist.xml; path = Info.plist; sourceTree = "<group>"; };
		BC0B35621AABAB54009FB458 /* SlangAppTests.m */ = {isa = PBXFileReference; lastKnownFileType = sourcecode.c.objc; path = SlangAppTests.m; sourceTree = "<group>"; };
		BC0B356D1AABAC3A009FB458 /* SLAWord.h */ = {isa = PBXFileReference; fileEncoding = 4; lastKnownFileType = sourcecode.c.h; name = SLAWord.h; path = models/SLAWord.h; sourceTree = "<group>"; };
		BC0B356E1AABAC3A009FB458 /* SLAWord.m */ = {isa = PBXFileReference; fileEncoding = 4; lastKnownFileType = sourcecode.c.objc; name = SLAWord.m; path = models/SLAWord.m; sourceTree = "<group>"; };
		BC0B35701AABAD8B009FB458 /* SLADefinition.h */ = {isa = PBXFileReference; fileEncoding = 4; lastKnownFileType = sourcecode.c.h; name = SLADefinition.h; path = models/SLADefinition.h; sourceTree = "<group>"; };
		BC0B35711AABAD8B009FB458 /* SLADefinition.m */ = {isa = PBXFileReference; fileEncoding = 4; lastKnownFileType = sourcecode.c.objc; name = SLADefinition.m; path = models/SLADefinition.m; sourceTree = "<group>"; };
		BC0B35731AABD1A9009FB458 /* SLAVineVideo.h */ = {isa = PBXFileReference; fileEncoding = 4; lastKnownFileType = sourcecode.c.h; name = SLAVineVideo.h; path = models/SLAVineVideo.h; sourceTree = "<group>"; };
		BC0B35741AABD1A9009FB458 /* SLAVineVideo.m */ = {isa = PBXFileReference; fileEncoding = 4; lastKnownFileType = sourcecode.c.objc; name = SLAVineVideo.m; path = models/SLAVineVideo.m; sourceTree = "<group>"; };
		BC0B357B1AABE62B009FB458 /* SLAAPI.h */ = {isa = PBXFileReference; fileEncoding = 4; lastKnownFileType = sourcecode.c.h; name = SLAAPI.h; path = api/SLAAPI.h; sourceTree = "<group>"; };
		BC0B357C1AABE62B009FB458 /* SLAAPI.m */ = {isa = PBXFileReference; fileEncoding = 4; lastKnownFileType = sourcecode.c.objc; name = SLAAPI.m; path = api/SLAAPI.m; sourceTree = "<group>"; };
		BC0B357E1AABEA5E009FB458 /* SLABaseAPI.h */ = {isa = PBXFileReference; fileEncoding = 4; lastKnownFileType = sourcecode.c.h; name = SLABaseAPI.h; path = api/SLABaseAPI.h; sourceTree = "<group>"; };
		BC0B357F1AABEA5E009FB458 /* SLABaseAPI.m */ = {isa = PBXFileReference; fileEncoding = 4; lastKnownFileType = sourcecode.c.objc; name = SLABaseAPI.m; path = api/SLABaseAPI.m; sourceTree = "<group>"; };
		BC0B35811AABF0E3009FB458 /* SLAWordDataSource.h */ = {isa = PBXFileReference; fileEncoding = 4; lastKnownFileType = sourcecode.c.h; name = SLAWordDataSource.h; path = datasource/SLAWordDataSource.h; sourceTree = "<group>"; };
		BC0B35821AABF0E3009FB458 /* SLAWordDataSource.m */ = {isa = PBXFileReference; fileEncoding = 4; lastKnownFileType = sourcecode.c.objc; name = SLAWordDataSource.m; path = datasource/SLAWordDataSource.m; sourceTree = "<group>"; };
		BC0B35851AAC041A009FB458 /* SLAHomeViewController.h */ = {isa = PBXFileReference; fileEncoding = 4; lastKnownFileType = sourcecode.c.h; name = SLAHomeViewController.h; path = controllers/home/SLAHomeViewController.h; sourceTree = "<group>"; };
		BC0B35861AAC041A009FB458 /* SLAHomeViewController.m */ = {isa = PBXFileReference; fileEncoding = 4; lastKnownFileType = sourcecode.c.objc; name = SLAHomeViewController.m; path = controllers/home/SLAHomeViewController.m; sourceTree = "<group>"; };
		BC0B35881AAC0BD7009FB458 /* SLADefinitionViewController.h */ = {isa = PBXFileReference; fileEncoding = 4; lastKnownFileType = sourcecode.c.h; name = SLADefinitionViewController.h; path = controllers/definition/SLADefinitionViewController.h; sourceTree = "<group>"; };
		BC0B35891AAC0BD7009FB458 /* SLADefinitionViewController.m */ = {isa = PBXFileReference; fileEncoding = 4; lastKnownFileType = sourcecode.c.objc; name = SLADefinitionViewController.m; path = controllers/definition/SLADefinitionViewController.m; sourceTree = "<group>"; };
		BC0B358C1AAC139C009FB458 /* SLADefinitionCell.xib */ = {isa = PBXFileReference; fileEncoding = 4; lastKnownFileType = file.xib; name = SLADefinitionCell.xib; path = controllers/definition/SLADefinitionCell.xib; sourceTree = "<group>"; };
		BC0B35911AAC16FF009FB458 /* SLADefinitionCell.h */ = {isa = PBXFileReference; fileEncoding = 4; lastKnownFileType = sourcecode.c.h; name = SLADefinitionCell.h; path = controllers/definition/SLADefinitionCell.h; sourceTree = "<group>"; };
		BC0B35921AAC16FF009FB458 /* SLADefinitionCell.m */ = {isa = PBXFileReference; fileEncoding = 4; lastKnownFileType = sourcecode.c.objc; name = SLADefinitionCell.m; path = controllers/definition/SLADefinitionCell.m; sourceTree = "<group>"; };
		BC0B35941AAC39F2009FB458 /* SLAWordCell.xib */ = {isa = PBXFileReference; fileEncoding = 4; lastKnownFileType = file.xib; name = SLAWordCell.xib; path = controllers/definition/SLAWordCell.xib; sourceTree = "<group>"; };
		BC0B35961AAC3A14009FB458 /* SLAWordCell.h */ = {isa = PBXFileReference; fileEncoding = 4; lastKnownFileType = sourcecode.c.h; name = SLAWordCell.h; path = controllers/definition/SLAWordCell.h; sourceTree = "<group>"; };
		BC0B35971AAC3A14009FB458 /* SLAWordCell.m */ = {isa = PBXFileReference; fileEncoding = 4; lastKnownFileType = sourcecode.c.objc; name = SLAWordCell.m; path = controllers/definition/SLAWordCell.m; sourceTree = "<group>"; };
		BC0B35991AACE03F009FB458 /* SLADropdownHeaderCell.xib */ = {isa = PBXFileReference; fileEncoding = 4; lastKnownFileType = file.xib; name = SLADropdownHeaderCell.xib; path = controllers/definition/SLADropdownHeaderCell.xib; sourceTree = "<group>"; };
		BC0B359B1AACE3BB009FB458 /* SLADropdownHeaderCell.h */ = {isa = PBXFileReference; fileEncoding = 4; lastKnownFileType = sourcecode.c.h; name = SLADropdownHeaderCell.h; path = controllers/definition/SLADropdownHeaderCell.h; sourceTree = "<group>"; };
		BC0B359C1AACE3BB009FB458 /* SLADropdownHeaderCell.m */ = {isa = PBXFileReference; fileEncoding = 4; lastKnownFileType = sourcecode.c.objc; name = SLADropdownHeaderCell.m; path = controllers/definition/SLADropdownHeaderCell.m; sourceTree = "<group>"; };
		BC0B359F1AACF1E5009FB458 /* UIColor+SlangApp.h */ = {isa = PBXFileReference; fileEncoding = 4; lastKnownFileType = sourcecode.c.h; name = "UIColor+SlangApp.h"; path = "utils/UIColor+SlangApp.h"; sourceTree = "<group>"; };
		BC0B35A01AACF1E5009FB458 /* UIColor+SlangApp.m */ = {isa = PBXFileReference; fileEncoding = 4; lastKnownFileType = sourcecode.c.objc; name = "UIColor+SlangApp.m"; path = "utils/UIColor+SlangApp.m"; sourceTree = "<group>"; };
		BC0B35A21AACF6CD009FB458 /* SLAExampleCell.xib */ = {isa = PBXFileReference; fileEncoding = 4; lastKnownFileType = file.xib; name = SLAExampleCell.xib; path = controllers/definition/SLAExampleCell.xib; sourceTree = "<group>"; };
		BC0B35A41AACF729009FB458 /* SLAExampleCell.h */ = {isa = PBXFileReference; fileEncoding = 4; lastKnownFileType = sourcecode.c.h; name = SLAExampleCell.h; path = controllers/definition/SLAExampleCell.h; sourceTree = "<group>"; };
		BC0B35A51AACF729009FB458 /* SLAExampleCell.m */ = {isa = PBXFileReference; fileEncoding = 4; lastKnownFileType = sourcecode.c.objc; name = SLAExampleCell.m; path = controllers/definition/SLAExampleCell.m; sourceTree = "<group>"; };
		BC0B35A91AAD083C009FB458 /* SLATagsCell.xib */ = {isa = PBXFileReference; fileEncoding = 4; lastKnownFileType = file.xib; name = SLATagsCell.xib; path = controllers/definition/SLATagsCell.xib; sourceTree = "<group>"; };
		BC0B35AB1AAD08D3009FB458 /* SLATagsCell.h */ = {isa = PBXFileReference; fileEncoding = 4; lastKnownFileType = sourcecode.c.h; name = SLATagsCell.h; path = controllers/definition/SLATagsCell.h; sourceTree = "<group>"; };
		BC0B35AC1AAD08D3009FB458 /* SLATagsCell.m */ = {isa = PBXFileReference; fileEncoding = 4; lastKnownFileType = sourcecode.c.objc; name = SLATagsCell.m; path = controllers/definition/SLATagsCell.m; sourceTree = "<group>"; };
		BC0B35AE1AAD0931009FB458 /* SLATagCell.h */ = {isa = PBXFileReference; fileEncoding = 4; lastKnownFileType = sourcecode.c.h; name = SLATagCell.h; path = controllers/definition/SLATagCell.h; sourceTree = "<group>"; };
		BC0B35AF1AAD0931009FB458 /* SLATagCell.m */ = {isa = PBXFileReference; fileEncoding = 4; lastKnownFileType = sourcecode.c.objc; name = SLATagCell.m; path = controllers/definition/SLATagCell.m; sourceTree = "<group>"; };
		BC0B35B11AAD0943009FB458 /* SLATagCell.xib */ = {isa = PBXFileReference; fileEncoding = 4; lastKnownFileType = file.xib; name = SLATagCell.xib; path = controllers/definition/SLATagCell.xib; sourceTree = "<group>"; };
		BC0B35B51AAEACFE009FB458 /* AWEasyVideoPlayer.h */ = {isa = PBXFileReference; fileEncoding = 4; lastKnownFileType = sourcecode.c.h; name = AWEasyVideoPlayer.h; path = dependencies/AWEasyVideoPlayer/AWEasyVideoPlayer.h; sourceTree = "<group>"; };
		BC0B35B61AAEACFE009FB458 /* AWEasyVideoPlayer.m */ = {isa = PBXFileReference; fileEncoding = 4; lastKnownFileType = sourcecode.c.objc; name = AWEasyVideoPlayer.m; path = dependencies/AWEasyVideoPlayer/AWEasyVideoPlayer.m; sourceTree = "<group>"; };
		BC46ED531AB015F1001C3C08 /* SLAVineCell.xib */ = {isa = PBXFileReference; fileEncoding = 4; lastKnownFileType = file.xib; name = SLAVineCell.xib; path = controllers/definition/SLAVineCell.xib; sourceTree = "<group>"; };
		BC46ED5A1AB1535B001C3C08 /* SLAVineCell.h */ = {isa = PBXFileReference; fileEncoding = 4; lastKnownFileType = sourcecode.c.h; name = SLAVineCell.h; path = controllers/definition/SLAVineCell.h; sourceTree = "<group>"; };
		BC46ED5B1AB1535B001C3C08 /* SLAVineCell.m */ = {isa = PBXFileReference; fileEncoding = 4; lastKnownFileType = sourcecode.c.objc; name = SLAVineCell.m; path = controllers/definition/SLAVineCell.m; sourceTree = "<group>"; };
/* End PBXFileReference section */

/* Begin PBXFrameworksBuildPhase section */
		BC0B35401AABAB54009FB458 /* Frameworks */ = {
			isa = PBXFrameworksBuildPhase;
			buildActionMask = 2147483647;
			files = (
				C425C25856DE4A56B3DB9545 /* libPods.a in Frameworks */,
			);
			runOnlyForDeploymentPostprocessing = 0;
		};
		BC0B35591AABAB54009FB458 /* Frameworks */ = {
			isa = PBXFrameworksBuildPhase;
			buildActionMask = 2147483647;
			files = (
			);
			runOnlyForDeploymentPostprocessing = 0;
		};
/* End PBXFrameworksBuildPhase section */

/* Begin PBXGroup section */
		5813B55BF2BA4ECB90CA4AC9 /* Frameworks */ = {
			isa = PBXGroup;
			children = (
				380E04B93492474AB9A38BE5 /* libPods.a */,
			);
			name = Frameworks;
			sourceTree = "<group>";
		};
		BC0B353A1AABAB54009FB458 = {
			isa = PBXGroup;
			children = (
				BC0B35451AABAB54009FB458 /* SlangApp */,
				BC0B355F1AABAB54009FB458 /* SlangAppTests */,
				BC0B35441AABAB54009FB458 /* Products */,
				B5386A252AAA44ABA9E13414 /* Pods.xcconfig */,
				5813B55BF2BA4ECB90CA4AC9 /* Frameworks */,
			);
			sourceTree = "<group>";
		};
		BC0B35441AABAB54009FB458 /* Products */ = {
			isa = PBXGroup;
			children = (
				BC0B35431AABAB54009FB458 /* SlangApp.app */,
				BC0B355C1AABAB54009FB458 /* SlangAppTests.xctest */,
			);
			name = Products;
			sourceTree = "<group>";
		};
		BC0B35451AABAB54009FB458 /* SlangApp */ = {
			isa = PBXGroup;
			children = (
				BC0B354A1AABAB54009FB458 /* AppDelegate.h */,
				BC0B354B1AABAB54009FB458 /* AppDelegate.m */,
				BC0B357A1AABE592009FB458 /* controllers */,
				BC0B35791AABE57C009FB458 /* datasource */,
				BC0B35781AABE566009FB458 /* api */,
				BC0B356C1AABAB9C009FB458 /* models */,
				BC0B35841AAC0038009FB458 /* storyboards */,
				BC0B359E1AACF1C2009FB458 /* utils */,
				BC0B35531AABAB54009FB458 /* Images.xcassets */,
				BC0B35551AABAB54009FB458 /* LaunchScreen.xib */,
				BC0B35B31AAEAC3F009FB458 /* dependencies */,
				BC0B35461AABAB54009FB458 /* Supporting Files */,
			);
			path = SlangApp;
			sourceTree = "<group>";
		};
		BC0B35461AABAB54009FB458 /* Supporting Files */ = {
			isa = PBXGroup;
			children = (
				BC0B35471AABAB54009FB458 /* Info.plist */,
				BC0B35481AABAB54009FB458 /* main.m */,
			);
			name = "Supporting Files";
			sourceTree = "<group>";
		};
		BC0B355F1AABAB54009FB458 /* SlangAppTests */ = {
			isa = PBXGroup;
			children = (
				BC0B35621AABAB54009FB458 /* SlangAppTests.m */,
				BC0B35601AABAB54009FB458 /* Supporting Files */,
			);
			path = SlangAppTests;
			sourceTree = "<group>";
		};
		BC0B35601AABAB54009FB458 /* Supporting Files */ = {
			isa = PBXGroup;
			children = (
				BC0B35611AABAB54009FB458 /* Info.plist */,
			);
			name = "Supporting Files";
			sourceTree = "<group>";
		};
		BC0B356C1AABAB9C009FB458 /* models */ = {
			isa = PBXGroup;
			children = (
				BC0B356D1AABAC3A009FB458 /* SLAWord.h */,
				BC0B356E1AABAC3A009FB458 /* SLAWord.m */,
				BC0B35701AABAD8B009FB458 /* SLADefinition.h */,
				BC0B35711AABAD8B009FB458 /* SLADefinition.m */,
				BC0B35731AABD1A9009FB458 /* SLAVineVideo.h */,
				BC0B35741AABD1A9009FB458 /* SLAVineVideo.m */,
			);
			name = models;
			sourceTree = "<group>";
		};
		BC0B35761AABE3BB009FB458 /* home */ = {
			isa = PBXGroup;
			children = (
				BC0B35851AAC041A009FB458 /* SLAHomeViewController.h */,
				BC0B35861AAC041A009FB458 /* SLAHomeViewController.m */,
			);
			name = home;
			sourceTree = "<group>";
		};
		BC0B35771AABE3D3009FB458 /* definition */ = {
			isa = PBXGroup;
			children = (
				BC0B358B1AAC0E3A009FB458 /* UI */,
				BC0B35881AAC0BD7009FB458 /* SLADefinitionViewController.h */,
				BC0B35891AAC0BD7009FB458 /* SLADefinitionViewController.m */,
			);
			name = definition;
			sourceTree = "<group>";
		};
		BC0B35781AABE566009FB458 /* api */ = {
			isa = PBXGroup;
			children = (
				BC0B357E1AABEA5E009FB458 /* SLABaseAPI.h */,
				BC0B357F1AABEA5E009FB458 /* SLABaseAPI.m */,
				BC0B357B1AABE62B009FB458 /* SLAAPI.h */,
				BC0B357C1AABE62B009FB458 /* SLAAPI.m */,
			);
			name = api;
			sourceTree = "<group>";
		};
		BC0B35791AABE57C009FB458 /* datasource */ = {
			isa = PBXGroup;
			children = (
				BC0B35811AABF0E3009FB458 /* SLAWordDataSource.h */,
				BC0B35821AABF0E3009FB458 /* SLAWordDataSource.m */,
			);
			name = datasource;
			sourceTree = "<group>";
		};
		BC0B357A1AABE592009FB458 /* controllers */ = {
			isa = PBXGroup;
			children = (
				BC0B35761AABE3BB009FB458 /* home */,
				BC0B35771AABE3D3009FB458 /* definition */,
			);
			name = controllers;
			sourceTree = "<group>";
		};
		BC0B35841AAC0038009FB458 /* storyboards */ = {
			isa = PBXGroup;
			children = (
				BC0B35501AABAB54009FB458 /* Main.storyboard */,
			);
			name = storyboards;
			sourceTree = "<group>";
		};
		BC0B358B1AAC0E3A009FB458 /* UI */ = {
			isa = PBXGroup;
			children = (
				BC46ED521AB015CA001C3C08 /* vine */,
				BC0B35A71AAD07F6009FB458 /* definitions */,
				BC0B35A81AAD0810009FB458 /* tags */,
			);
			name = UI;
			sourceTree = "<group>";
		};
		BC0B359E1AACF1C2009FB458 /* utils */ = {
			isa = PBXGroup;
			children = (
				BC0B359F1AACF1E5009FB458 /* UIColor+SlangApp.h */,
				BC0B35A01AACF1E5009FB458 /* UIColor+SlangApp.m */,
			);
			name = utils;
			sourceTree = "<group>";
		};
		BC0B35A71AAD07F6009FB458 /* definitions */ = {
			isa = PBXGroup;
			children = (
				BC0B358C1AAC139C009FB458 /* SLADefinitionCell.xib */,
				BC0B35911AAC16FF009FB458 /* SLADefinitionCell.h */,
				BC0B35921AAC16FF009FB458 /* SLADefinitionCell.m */,
				BC0B35941AAC39F2009FB458 /* SLAWordCell.xib */,
				BC0B35961AAC3A14009FB458 /* SLAWordCell.h */,
				BC0B35971AAC3A14009FB458 /* SLAWordCell.m */,
				BC0B35991AACE03F009FB458 /* SLADropdownHeaderCell.xib */,
				BC0B359B1AACE3BB009FB458 /* SLADropdownHeaderCell.h */,
				BC0B359C1AACE3BB009FB458 /* SLADropdownHeaderCell.m */,
				BC0B35A21AACF6CD009FB458 /* SLAExampleCell.xib */,
				BC0B35A41AACF729009FB458 /* SLAExampleCell.h */,
				BC0B35A51AACF729009FB458 /* SLAExampleCell.m */,
			);
			name = definitions;
			sourceTree = "<group>";
		};
		BC0B35A81AAD0810009FB458 /* tags */ = {
			isa = PBXGroup;
			children = (
				BC0B35A91AAD083C009FB458 /* SLATagsCell.xib */,
				BC0B35AB1AAD08D3009FB458 /* SLATagsCell.h */,
				BC0B35AC1AAD08D3009FB458 /* SLATagsCell.m */,
				BC0B35B11AAD0943009FB458 /* SLATagCell.xib */,
				BC0B35AE1AAD0931009FB458 /* SLATagCell.h */,
				BC0B35AF1AAD0931009FB458 /* SLATagCell.m */,
			);
			name = tags;
			sourceTree = "<group>";
		};
		BC0B35B31AAEAC3F009FB458 /* dependencies */ = {
			isa = PBXGroup;
			children = (
				BC0B35B41AAEACDC009FB458 /* AWEasyVideoPlayer */,
			);
			name = dependencies;
			sourceTree = "<group>";
		};
		BC0B35B41AAEACDC009FB458 /* AWEasyVideoPlayer */ = {
			isa = PBXGroup;
			children = (
				BC0B35B51AAEACFE009FB458 /* AWEasyVideoPlayer.h */,
				BC0B35B61AAEACFE009FB458 /* AWEasyVideoPlayer.m */,
			);
			name = AWEasyVideoPlayer;
			sourceTree = "<group>";
		};
		BC46ED521AB015CA001C3C08 /* vine */ = {
			isa = PBXGroup;
			children = (
				BC46ED531AB015F1001C3C08 /* SLAVineCell.xib */,
				BC46ED5A1AB1535B001C3C08 /* SLAVineCell.h */,
				BC46ED5B1AB1535B001C3C08 /* SLAVineCell.m */,
			);
			name = vine;
			sourceTree = "<group>";
		};
/* End PBXGroup section */

/* Begin PBXNativeTarget section */
		BC0B35421AABAB54009FB458 /* SlangApp */ = {
			isa = PBXNativeTarget;
			buildConfigurationList = BC0B35661AABAB55009FB458 /* Build configuration list for PBXNativeTarget "SlangApp" */;
			buildPhases = (
				00EE522122A74B85A4F78451 /* Check Pods Manifest.lock */,
				BC0B353F1AABAB54009FB458 /* Sources */,
				BC0B35401AABAB54009FB458 /* Frameworks */,
				BC0B35411AABAB54009FB458 /* Resources */,
				9F8EC234A63D47C59E34F9F7 /* Copy Pods Resources */,
			);
			buildRules = (
			);
			dependencies = (
			);
			name = SlangApp;
			productName = SlangApp;
			productReference = BC0B35431AABAB54009FB458 /* SlangApp.app */;
			productType = "com.apple.product-type.application";
		};
		BC0B355B1AABAB54009FB458 /* SlangAppTests */ = {
			isa = PBXNativeTarget;
			buildConfigurationList = BC0B35691AABAB55009FB458 /* Build configuration list for PBXNativeTarget "SlangAppTests" */;
			buildPhases = (
				BC0B35581AABAB54009FB458 /* Sources */,
				BC0B35591AABAB54009FB458 /* Frameworks */,
				BC0B355A1AABAB54009FB458 /* Resources */,
			);
			buildRules = (
			);
			dependencies = (
				BC0B355E1AABAB54009FB458 /* PBXTargetDependency */,
			);
			name = SlangAppTests;
			productName = SlangAppTests;
			productReference = BC0B355C1AABAB54009FB458 /* SlangAppTests.xctest */;
			productType = "com.apple.product-type.bundle.unit-test";
		};
/* End PBXNativeTarget section */

/* Begin PBXProject section */
		BC0B353B1AABAB54009FB458 /* Project object */ = {
			isa = PBXProject;
			attributes = {
				LastUpgradeCheck = 0610;
				ORGANIZATIONNAME = "Victor Barrera";
				TargetAttributes = {
					BC0B35421AABAB54009FB458 = {
						CreatedOnToolsVersion = 6.1;
					};
					BC0B355B1AABAB54009FB458 = {
						CreatedOnToolsVersion = 6.1;
						TestTargetID = BC0B35421AABAB54009FB458;
					};
				};
			};
			buildConfigurationList = BC0B353E1AABAB54009FB458 /* Build configuration list for PBXProject "SlangApp" */;
			compatibilityVersion = "Xcode 3.2";
			developmentRegion = English;
			hasScannedForEncodings = 0;
			knownRegions = (
				en,
				Base,
			);
			mainGroup = BC0B353A1AABAB54009FB458;
			productRefGroup = BC0B35441AABAB54009FB458 /* Products */;
			projectDirPath = "";
			projectRoot = "";
			targets = (
				BC0B35421AABAB54009FB458 /* SlangApp */,
				BC0B355B1AABAB54009FB458 /* SlangAppTests */,
			);
		};
/* End PBXProject section */

/* Begin PBXResourcesBuildPhase section */
		BC0B35411AABAB54009FB458 /* Resources */ = {
			isa = PBXResourcesBuildPhase;
			buildActionMask = 2147483647;
			files = (
				BC0B358D1AAC139C009FB458 /* SLADefinitionCell.xib in Resources */,
				BC0B35521AABAB54009FB458 /* Main.storyboard in Resources */,
				BC46ED541AB015F1001C3C08 /* SLAVineCell.xib in Resources */,
				BC0B359A1AACE03F009FB458 /* SLADropdownHeaderCell.xib in Resources */,
				BC0B35571AABAB54009FB458 /* LaunchScreen.xib in Resources */,
				BC0B35A31AACF6CD009FB458 /* SLAExampleCell.xib in Resources */,
				BC0B35541AABAB54009FB458 /* Images.xcassets in Resources */,
				BC0B35951AAC39F2009FB458 /* SLAWordCell.xib in Resources */,
				BC0B35B21AAD0943009FB458 /* SLATagCell.xib in Resources */,
				BC0B35AA1AAD083C009FB458 /* SLATagsCell.xib in Resources */,
			);
			runOnlyForDeploymentPostprocessing = 0;
		};
		BC0B355A1AABAB54009FB458 /* Resources */ = {
			isa = PBXResourcesBuildPhase;
			buildActionMask = 2147483647;
			files = (
			);
			runOnlyForDeploymentPostprocessing = 0;
		};
/* End PBXResourcesBuildPhase section */

/* Begin PBXShellScriptBuildPhase section */
		00EE522122A74B85A4F78451 /* Check Pods Manifest.lock */ = {
			isa = PBXShellScriptBuildPhase;
			buildActionMask = 2147483647;
			files = (
			);
			inputPaths = (
			);
			name = "Check Pods Manifest.lock";
			outputPaths = (
			);
			runOnlyForDeploymentPostprocessing = 0;
			shellPath = /bin/sh;
			shellScript = "diff \"${PODS_ROOT}/../Podfile.lock\" \"${PODS_ROOT}/Manifest.lock\" > /dev/null\nif [[ $? != 0 ]] ; then\n    cat << EOM\nerror: The sandbox is not in sync with the Podfile.lock. Run 'pod install' or update your CocoaPods installation.\nEOM\n    exit 1\nfi\n";
			showEnvVarsInLog = 0;
		};
		9F8EC234A63D47C59E34F9F7 /* Copy Pods Resources */ = {
			isa = PBXShellScriptBuildPhase;
			buildActionMask = 2147483647;
			files = (
			);
			inputPaths = (
			);
			name = "Copy Pods Resources";
			outputPaths = (
			);
			runOnlyForDeploymentPostprocessing = 0;
			shellPath = /bin/sh;
			shellScript = "\"${SRCROOT}/Pods/Pods-resources.sh\"\n";
			showEnvVarsInLog = 0;
		};
/* End PBXShellScriptBuildPhase section */

/* Begin PBXSourcesBuildPhase section */
		BC0B353F1AABAB54009FB458 /* Sources */ = {
			isa = PBXSourcesBuildPhase;
			buildActionMask = 2147483647;
			files = (
				BC0B359D1AACE3BB009FB458 /* SLADropdownHeaderCell.m in Sources */,
				BC0B35B01AAD0931009FB458 /* SLATagCell.m in Sources */,
				BC0B35A11AACF1E5009FB458 /* UIColor+SlangApp.m in Sources */,
				BC0B35721AABAD8B009FB458 /* SLADefinition.m in Sources */,
				BC0B356F1AABAC3A009FB458 /* SLAWord.m in Sources */,
				BC0B35A61AACF729009FB458 /* SLAExampleCell.m in Sources */,
				BC46ED5C1AB1535B001C3C08 /* SLAVineCell.m in Sources */,
				BC0B358A1AAC0BD7009FB458 /* SLADefinitionViewController.m in Sources */,
				BC0B35871AAC041A009FB458 /* SLAHomeViewController.m in Sources */,
				BC0B35AD1AAD08D3009FB458 /* SLATagsCell.m in Sources */,
				BC0B35981AAC3A14009FB458 /* SLAWordCell.m in Sources */,
				BC0B357D1AABE62B009FB458 /* SLAAPI.m in Sources */,
				BC0B35751AABD1A9009FB458 /* SLAVineVideo.m in Sources */,
				BC0B35B71AAEACFE009FB458 /* AWEasyVideoPlayer.m in Sources */,
				BC0B35801AABEA5E009FB458 /* SLABaseAPI.m in Sources */,
				BC0B35831AABF0E3009FB458 /* SLAWordDataSource.m in Sources */,
				BC0B35931AAC16FF009FB458 /* SLADefinitionCell.m in Sources */,
				BC0B354C1AABAB54009FB458 /* AppDelegate.m in Sources */,
				BC0B35491AABAB54009FB458 /* main.m in Sources */,
			);
			runOnlyForDeploymentPostprocessing = 0;
		};
		BC0B35581AABAB54009FB458 /* Sources */ = {
			isa = PBXSourcesBuildPhase;
			buildActionMask = 2147483647;
			files = (
				BC0B35631AABAB54009FB458 /* SlangAppTests.m in Sources */,
			);
			runOnlyForDeploymentPostprocessing = 0;
		};
/* End PBXSourcesBuildPhase section */

/* Begin PBXTargetDependency section */
		BC0B355E1AABAB54009FB458 /* PBXTargetDependency */ = {
			isa = PBXTargetDependency;
			target = BC0B35421AABAB54009FB458 /* SlangApp */;
			targetProxy = BC0B355D1AABAB54009FB458 /* PBXContainerItemProxy */;
		};
/* End PBXTargetDependency section */

/* Begin PBXVariantGroup section */
		BC0B35501AABAB54009FB458 /* Main.storyboard */ = {
			isa = PBXVariantGroup;
			children = (
				BC0B35511AABAB54009FB458 /* Base */,
			);
			name = Main.storyboard;
			sourceTree = "<group>";
		};
		BC0B35551AABAB54009FB458 /* LaunchScreen.xib */ = {
			isa = PBXVariantGroup;
			children = (
				BC0B35561AABAB54009FB458 /* Base */,
			);
			name = LaunchScreen.xib;
			sourceTree = "<group>";
		};
/* End PBXVariantGroup section */

/* Begin XCBuildConfiguration section */
		BC0B35641AABAB54009FB458 /* Debug */ = {
			isa = XCBuildConfiguration;
			buildSettings = {
				ALWAYS_SEARCH_USER_PATHS = NO;
				CLANG_CXX_LANGUAGE_STANDARD = "gnu++0x";
				CLANG_CXX_LIBRARY = "libc++";
				CLANG_ENABLE_MODULES = YES;
				CLANG_ENABLE_OBJC_ARC = YES;
				CLANG_WARN_BOOL_CONVERSION = YES;
				CLANG_WARN_CONSTANT_CONVERSION = YES;
				CLANG_WARN_DIRECT_OBJC_ISA_USAGE = YES_ERROR;
				CLANG_WARN_EMPTY_BODY = YES;
				CLANG_WARN_ENUM_CONVERSION = YES;
				CLANG_WARN_INT_CONVERSION = YES;
				CLANG_WARN_OBJC_ROOT_CLASS = YES_ERROR;
				CLANG_WARN_UNREACHABLE_CODE = YES;
				CLANG_WARN__DUPLICATE_METHOD_MATCH = YES;
				"CODE_SIGN_IDENTITY[sdk=iphoneos*]" = "iPhone Developer";
				COPY_PHASE_STRIP = NO;
				ENABLE_STRICT_OBJC_MSGSEND = YES;
				GCC_C_LANGUAGE_STANDARD = gnu99;
				GCC_DYNAMIC_NO_PIC = NO;
				GCC_OPTIMIZATION_LEVEL = 0;
				GCC_PREPROCESSOR_DEFINITIONS = (
					"DEBUG=1",
					"$(inherited)",
				);
				GCC_SYMBOLS_PRIVATE_EXTERN = NO;
				GCC_WARN_64_TO_32_BIT_CONVERSION = YES;
				GCC_WARN_ABOUT_RETURN_TYPE = YES_ERROR;
				GCC_WARN_UNDECLARED_SELECTOR = YES;
				GCC_WARN_UNINITIALIZED_AUTOS = YES_AGGRESSIVE;
				GCC_WARN_UNUSED_FUNCTION = YES;
				GCC_WARN_UNUSED_VARIABLE = YES;
				IPHONEOS_DEPLOYMENT_TARGET = 8.1;
				MTL_ENABLE_DEBUG_INFO = YES;
				ONLY_ACTIVE_ARCH = YES;
				SDKROOT = iphoneos;
			};
			name = Debug;
		};
		BC0B35651AABAB54009FB458 /* Release */ = {
			isa = XCBuildConfiguration;
			buildSettings = {
				ALWAYS_SEARCH_USER_PATHS = NO;
				CLANG_CXX_LANGUAGE_STANDARD = "gnu++0x";
				CLANG_CXX_LIBRARY = "libc++";
				CLANG_ENABLE_MODULES = YES;
				CLANG_ENABLE_OBJC_ARC = YES;
				CLANG_WARN_BOOL_CONVERSION = YES;
				CLANG_WARN_CONSTANT_CONVERSION = YES;
				CLANG_WARN_DIRECT_OBJC_ISA_USAGE = YES_ERROR;
				CLANG_WARN_EMPTY_BODY = YES;
				CLANG_WARN_ENUM_CONVERSION = YES;
				CLANG_WARN_INT_CONVERSION = YES;
				CLANG_WARN_OBJC_ROOT_CLASS = YES_ERROR;
				CLANG_WARN_UNREACHABLE_CODE = YES;
				CLANG_WARN__DUPLICATE_METHOD_MATCH = YES;
				"CODE_SIGN_IDENTITY[sdk=iphoneos*]" = "iPhone Developer";
				COPY_PHASE_STRIP = YES;
				ENABLE_NS_ASSERTIONS = NO;
				ENABLE_STRICT_OBJC_MSGSEND = YES;
				GCC_C_LANGUAGE_STANDARD = gnu99;
				GCC_WARN_64_TO_32_BIT_CONVERSION = YES;
				GCC_WARN_ABOUT_RETURN_TYPE = YES_ERROR;
				GCC_WARN_UNDECLARED_SELECTOR = YES;
				GCC_WARN_UNINITIALIZED_AUTOS = YES_AGGRESSIVE;
				GCC_WARN_UNUSED_FUNCTION = YES;
				GCC_WARN_UNUSED_VARIABLE = YES;
				IPHONEOS_DEPLOYMENT_TARGET = 8.1;
				MTL_ENABLE_DEBUG_INFO = NO;
				SDKROOT = iphoneos;
				VALIDATE_PRODUCT = YES;
			};
			name = Release;
		};
		BC0B35671AABAB55009FB458 /* Debug */ = {
			isa = XCBuildConfiguration;
			baseConfigurationReference = B5386A252AAA44ABA9E13414 /* Pods.xcconfig */;
			buildSettings = {
				ASSETCATALOG_COMPILER_APPICON_NAME = AppIcon;
				INFOPLIST_FILE = SlangApp/Info.plist;
				IPHONEOS_DEPLOYMENT_TARGET = 8.0;
				LD_RUNPATH_SEARCH_PATHS = "$(inherited) @executable_path/Frameworks";
				PRODUCT_NAME = "$(TARGET_NAME)";
			};
			name = Debug;
		};
		BC0B35681AABAB55009FB458 /* Release */ = {
			isa = XCBuildConfiguration;
			baseConfigurationReference = B5386A252AAA44ABA9E13414 /* Pods.xcconfig */;
			buildSettings = {
				ASSETCATALOG_COMPILER_APPICON_NAME = AppIcon;
				INFOPLIST_FILE = SlangApp/Info.plist;
				IPHONEOS_DEPLOYMENT_TARGET = 8.0;
				LD_RUNPATH_SEARCH_PATHS = "$(inherited) @executable_path/Frameworks";
				PRODUCT_NAME = "$(TARGET_NAME)";
			};
			name = Release;
		};
		BC0B356A1AABAB55009FB458 /* Debug */ = {
			isa = XCBuildConfiguration;
			buildSettings = {
				BUNDLE_LOADER = "$(TEST_HOST)";
				FRAMEWORK_SEARCH_PATHS = (
					"$(SDKROOT)/Developer/Library/Frameworks",
					"$(inherited)",
				);
				GCC_PREPROCESSOR_DEFINITIONS = (
					"DEBUG=1",
					"$(inherited)",
				);
				INFOPLIST_FILE = SlangAppTests/Info.plist;
				LD_RUNPATH_SEARCH_PATHS = "$(inherited) @executable_path/Frameworks @loader_path/Frameworks";
				PRODUCT_NAME = "$(TARGET_NAME)";
				TEST_HOST = "$(BUILT_PRODUCTS_DIR)/SlangApp.app/SlangApp";
			};
			name = Debug;
		};
		BC0B356B1AABAB55009FB458 /* Release */ = {
			isa = XCBuildConfiguration;
			buildSettings = {
				BUNDLE_LOADER = "$(TEST_HOST)";
				FRAMEWORK_SEARCH_PATHS = (
					"$(SDKROOT)/Developer/Library/Frameworks",
					"$(inherited)",
				);
				INFOPLIST_FILE = SlangAppTests/Info.plist;
				LD_RUNPATH_SEARCH_PATHS = "$(inherited) @executable_path/Frameworks @loader_path/Frameworks";
				PRODUCT_NAME = "$(TARGET_NAME)";
				TEST_HOST = "$(BUILT_PRODUCTS_DIR)/SlangApp.app/SlangApp";
			};
			name = Release;
		};
/* End XCBuildConfiguration section */

/* Begin XCConfigurationList section */
		BC0B353E1AABAB54009FB458 /* Build configuration list for PBXProject "SlangApp" */ = {
			isa = XCConfigurationList;
			buildConfigurations = (
				BC0B35641AABAB54009FB458 /* Debug */,
				BC0B35651AABAB54009FB458 /* Release */,
			);
			defaultConfigurationIsVisible = 0;
			defaultConfigurationName = Release;
		};
		BC0B35661AABAB55009FB458 /* Build configuration list for PBXNativeTarget "SlangApp" */ = {
			isa = XCConfigurationList;
			buildConfigurations = (
				BC0B35671AABAB55009FB458 /* Debug */,
				BC0B35681AABAB55009FB458 /* Release */,
			);
			defaultConfigurationIsVisible = 0;
			defaultConfigurationName = Release;
		};
		BC0B35691AABAB55009FB458 /* Build configuration list for PBXNativeTarget "SlangAppTests" */ = {
			isa = XCConfigurationList;
			buildConfigurations = (
				BC0B356A1AABAB55009FB458 /* Debug */,
				BC0B356B1AABAB55009FB458 /* Release */,
			);
			defaultConfigurationIsVisible = 0;
			defaultConfigurationName = Release;
		};
/* End XCConfigurationList section */
	};
	rootObject = BC0B353B1AABAB54009FB458 /* Project object */;
}
