// !$*UTF8*$!
{
	archiveVersion = 1;
	classes = {
	};
	objectVersion = 46;
	objects = {

/* Begin PBXBuildFile section */
		BC0B35491AABAB54009FB458 /* main.m in Sources */ = {isa = PBXBuildFile; fileRef = BC0B35481AABAB54009FB458 /* main.m */; };
		BC0B354C1AABAB54009FB458 /* AppDelegate.m in Sources */ = {isa = PBXBuildFile; fileRef = BC0B354B1AABAB54009FB458 /* AppDelegate.m */; };
		BC0B354F1AABAB54009FB458 /* ViewController.m in Sources */ = {isa = PBXBuildFile; fileRef = BC0B354E1AABAB54009FB458 /* ViewController.m */; };
		BC0B35521AABAB54009FB458 /* Main.storyboard in Resources */ = {isa = PBXBuildFile; fileRef = BC0B35501AABAB54009FB458 /* Main.storyboard */; };
		BC0B35541AABAB54009FB458 /* Images.xcassets in Resources */ = {isa = PBXBuildFile; fileRef = BC0B35531AABAB54009FB458 /* Images.xcassets */; };
		BC0B35571AABAB54009FB458 /* LaunchScreen.xib in Resources */ = {isa = PBXBuildFile; fileRef = BC0B35551AABAB54009FB458 /* LaunchScreen.xib */; };
		BC0B35631AABAB54009FB458 /* SlangAppTests.m in Sources */ = {isa = PBXBuildFile; fileRef = BC0B35621AABAB54009FB458 /* SlangAppTests.m */; };
/* End PBXBuildFile section */

/* Begin PBXContainerItemProxy section */
		BC0B355D1AABAB54009FB458 /* PBXContainerItemProxy */ = {
			isa = PBXContainerItemProxy;
			containerPortal = BC0B353B1AABAB54009FB458 /* Project object */;
			proxyType = 1;
			remoteGlobalIDString = BC0B35421AABAB54009FB458;
			remoteInfo = SlangApp;
		};
/* End PBXContainerItemProxy section */

/* Begin PBXFileReference section */
		BC0B35431AABAB54009FB458 /* SlangApp.app */ = {isa = PBXFileReference; explicitFileType = wrapper.application; includeInIndex = 0; path = SlangApp.app; sourceTree = BUILT_PRODUCTS_DIR; };
		BC0B35471AABAB54009FB458 /* Info.plist */ = {isa = PBXFileReference; lastKnownFileType = text.plist.xml; path = Info.plist; sourceTree = "<group>"; };
		BC0B35481AABAB54009FB458 /* main.m */ = {isa = PBXFileReference; lastKnownFileType = sourcecode.c.objc; path = main.m; sourceTree = "<group>"; };
		BC0B354A1AABAB54009FB458 /* AppDelegate.h */ = {isa = PBXFileReference; lastKnownFileType = sourcecode.c.h; path = AppDelegate.h; sourceTree = "<group>"; };
		BC0B354B1AABAB54009FB458 /* AppDelegate.m */ = {isa = PBXFileReference; lastKnownFileType = sourcecode.c.objc; path = AppDelegate.m; sourceTree = "<group>"; };
		BC0B354D1AABAB54009FB458 /* ViewController.h */ = {isa = PBXFileReference; lastKnownFileType = sourcecode.c.h; path = ViewController.h; sourceTree = "<group>"; };
		BC0B354E1AABAB54009FB458 /* ViewController.m */ = {isa = PBXFileReference; lastKnownFileType = sourcecode.c.objc; path = ViewController.m; sourceTree = "<group>"; };
		BC0B35511AABAB54009FB458 /* Base */ = {isa = PBXFileReference; lastKnownFileType = file.storyboard; name = Base; path = Base.lproj/Main.storyboard; sourceTree = "<group>"; };
		BC0B35531AABAB54009FB458 /* Images.xcassets */ = {isa = PBXFileReference; lastKnownFileType = folder.assetcatalog; path = Images.xcassets; sourceTree = "<group>"; };
		BC0B35561AABAB54009FB458 /* Base */ = {isa = PBXFileReference; lastKnownFileType = file.xib; name = Base; path = Base.lproj/LaunchScreen.xib; sourceTree = "<group>"; };
		BC0B355C1AABAB54009FB458 /* SlangAppTests.xctest */ = {isa = PBXFileReference; explicitFileType = wrapper.cfbundle; includeInIndex = 0; path = SlangAppTests.xctest; sourceTree = BUILT_PRODUCTS_DIR; };
		BC0B35611AABAB54009FB458 /* Info.plist */ = {isa = PBXFileReference; lastKnownFileType = text.plist.xml; path = Info.plist; sourceTree = "<group>"; };
		BC0B35621AABAB54009FB458 /* SlangAppTests.m */ = {isa = PBXFileReference; lastKnownFileType = sourcecode.c.objc; path = SlangAppTests.m; sourceTree = "<group>"; };
/* End PBXFileReference section */

/* Begin PBXFrameworksBuildPhase section */
		BC0B35401AABAB54009FB458 /* Frameworks */ = {
			isa = PBXFrameworksBuildPhase;
			buildActionMask = 2147483647;
			files = (
			);
			runOnlyForDeploymentPostprocessing = 0;
		};
		BC0B35591AABAB54009FB458 /* Frameworks */ = {
			isa = PBXFrameworksBuildPhase;
			buildActionMask = 2147483647;
			files = (
			);
			runOnlyForDeploymentPostprocessing = 0;
		};
/* End PBXFrameworksBuildPhase section */

/* Begin PBXGroup section */
		BC0B353A1AABAB54009FB458 = {
			isa = PBXGroup;
			children = (
				BC0B35451AABAB54009FB458 /* SlangApp */,
				BC0B355F1AABAB54009FB458 /* SlangAppTests */,
				BC0B35441AABAB54009FB458 /* Products */,
			);
			sourceTree = "<group>";
		};
		BC0B35441AABAB54009FB458 /* Products */ = {
			isa = PBXGroup;
			children = (
				BC0B35431AABAB54009FB458 /* SlangApp.app */,
				BC0B355C1AABAB54009FB458 /* SlangAppTests.xctest */,
			);
			name = Products;
			sourceTree = "<group>";
		};
		BC0B35451AABAB54009FB458 /* SlangApp */ = {
			isa = PBXGroup;
			children = (
				BC0B354A1AABAB54009FB458 /* AppDelegate.h */,
				BC0B354B1AABAB54009FB458 /* AppDelegate.m */,
				BC0B354D1AABAB54009FB458 /* ViewController.h */,
				BC0B354E1AABAB54009FB458 /* ViewController.m */,
				BC0B35501AABAB54009FB458 /* Main.storyboard */,
				BC0B35531AABAB54009FB458 /* Images.xcassets */,
				BC0B35551AABAB54009FB458 /* LaunchScreen.xib */,
				BC0B35461AABAB54009FB458 /* Supporting Files */,
			);
			path = SlangApp;
			sourceTree = "<group>";
		};
		BC0B35461AABAB54009FB458 /* Supporting Files */ = {
			isa = PBXGroup;
			children = (
				BC0B35471AABAB54009FB458 /* Info.plist */,
				BC0B35481AABAB54009FB458 /* main.m */,
			);
			name = "Supporting Files";
			sourceTree = "<group>";
		};
		BC0B355F1AABAB54009FB458 /* SlangAppTests */ = {
			isa = PBXGroup;
			children = (
				BC0B35621AABAB54009FB458 /* SlangAppTests.m */,
				BC0B35601AABAB54009FB458 /* Supporting Files */,
			);
			path = SlangAppTests;
			sourceTree = "<group>";
		};
		BC0B35601AABAB54009FB458 /* Supporting Files */ = {
			isa = PBXGroup;
			children = (
				BC0B35611AABAB54009FB458 /* Info.plist */,
			);
			name = "Supporting Files";
			sourceTree = "<group>";
		};
/* End PBXGroup section */

/* Begin PBXNativeTarget section */
		BC0B35421AABAB54009FB458 /* SlangApp */ = {
			isa = PBXNativeTarget;
			buildConfigurationList = BC0B35661AABAB55009FB458 /* Build configuration list for PBXNativeTarget "SlangApp" */;
			buildPhases = (
				BC0B353F1AABAB54009FB458 /* Sources */,
				BC0B35401AABAB54009FB458 /* Frameworks */,
				BC0B35411AABAB54009FB458 /* Resources */,
			);
			buildRules = (
			);
			dependencies = (
			);
			name = SlangApp;
			productName = SlangApp;
			productReference = BC0B35431AABAB54009FB458 /* SlangApp.app */;
			productType = "com.apple.product-type.application";
		};
		BC0B355B1AABAB54009FB458 /* SlangAppTests */ = {
			isa = PBXNativeTarget;
			buildConfigurationList = BC0B35691AABAB55009FB458 /* Build configuration list for PBXNativeTarget "SlangAppTests" */;
			buildPhases = (
				BC0B35581AABAB54009FB458 /* Sources */,
				BC0B35591AABAB54009FB458 /* Frameworks */,
				BC0B355A1AABAB54009FB458 /* Resources */,
			);
			buildRules = (
			);
			dependencies = (
				BC0B355E1AABAB54009FB458 /* PBXTargetDependency */,
			);
			name = SlangAppTests;
			productName = SlangAppTests;
			productReference = BC0B355C1AABAB54009FB458 /* SlangAppTests.xctest */;
			productType = "com.apple.product-type.bundle.unit-test";
		};
/* End PBXNativeTarget section */

/* Begin PBXProject section */
		BC0B353B1AABAB54009FB458 /* Project object */ = {
			isa = PBXProject;
			attributes = {
				LastUpgradeCheck = 0610;
				ORGANIZATIONNAME = "Victor Barrera";
				TargetAttributes = {
					BC0B35421AABAB54009FB458 = {
						CreatedOnToolsVersion = 6.1;
					};
					BC0B355B1AABAB54009FB458 = {
						CreatedOnToolsVersion = 6.1;
						TestTargetID = BC0B35421AABAB54009FB458;
					};
				};
			};
			buildConfigurationList = BC0B353E1AABAB54009FB458 /* Build configuration list for PBXProject "SlangApp" */;
			compatibilityVersion = "Xcode 3.2";
			developmentRegion = English;
			hasScannedForEncodings = 0;
			knownRegions = (
				en,
				Base,
			);
			mainGroup = BC0B353A1AABAB54009FB458;
			productRefGroup = BC0B35441AABAB54009FB458 /* Products */;
			projectDirPath = "";
			projectRoot = "";
			targets = (
				BC0B35421AABAB54009FB458 /* SlangApp */,
				BC0B355B1AABAB54009FB458 /* SlangAppTests */,
			);
		};
/* End PBXProject section */

/* Begin PBXResourcesBuildPhase section */
		BC0B35411AABAB54009FB458 /* Resources */ = {
			isa = PBXResourcesBuildPhase;
			buildActionMask = 2147483647;
			files = (
				BC0B35521AABAB54009FB458 /* Main.storyboard in Resources */,
				BC0B35571AABAB54009FB458 /* LaunchScreen.xib in Resources */,
				BC0B35541AABAB54009FB458 /* Images.xcassets in Resources */,
			);
			runOnlyForDeploymentPostprocessing = 0;
		};
		BC0B355A1AABAB54009FB458 /* Resources */ = {
			isa = PBXResourcesBuildPhase;
			buildActionMask = 2147483647;
			files = (
			);
			runOnlyForDeploymentPostprocessing = 0;
		};
/* End PBXResourcesBuildPhase section */

/* Begin PBXSourcesBuildPhase section */
		BC0B353F1AABAB54009FB458 /* Sources */ = {
			isa = PBXSourcesBuildPhase;
			buildActionMask = 2147483647;
			files = (
				BC0B354F1AABAB54009FB458 /* ViewController.m in Sources */,
				BC0B354C1AABAB54009FB458 /* AppDelegate.m in Sources */,
				BC0B35491AABAB54009FB458 /* main.m in Sources */,
			);
			runOnlyForDeploymentPostprocessing = 0;
		};
		BC0B35581AABAB54009FB458 /* Sources */ = {
			isa = PBXSourcesBuildPhase;
			buildActionMask = 2147483647;
			files = (
				BC0B35631AABAB54009FB458 /* SlangAppTests.m in Sources */,
			);
			runOnlyForDeploymentPostprocessing = 0;
		};
/* End PBXSourcesBuildPhase section */

/* Begin PBXTargetDependency section */
		BC0B355E1AABAB54009FB458 /* PBXTargetDependency */ = {
			isa = PBXTargetDependency;
			target = BC0B35421AABAB54009FB458 /* SlangApp */;
			targetProxy = BC0B355D1AABAB54009FB458 /* PBXContainerItemProxy */;
		};
/* End PBXTargetDependency section */

/* Begin PBXVariantGroup section */
		BC0B35501AABAB54009FB458 /* Main.storyboard */ = {
			isa = PBXVariantGroup;
			children = (
				BC0B35511AABAB54009FB458 /* Base */,
			);
			name = Main.storyboard;
			sourceTree = "<group>";
		};
		BC0B35551AABAB54009FB458 /* LaunchScreen.xib */ = {
			isa = PBXVariantGroup;
			children = (
				BC0B35561AABAB54009FB458 /* Base */,
			);
			name = LaunchScreen.xib;
			sourceTree = "<group>";
		};
/* End PBXVariantGroup section */

/* Begin XCBuildConfiguration section */
		BC0B35641AABAB54009FB458 /* Debug */ = {
			isa = XCBuildConfiguration;
			buildSettings = {
				ALWAYS_SEARCH_USER_PATHS = NO;
				CLANG_CXX_LANGUAGE_STANDARD = "gnu++0x";
				CLANG_CXX_LIBRARY = "libc++";
				CLANG_ENABLE_MODULES = YES;
				CLANG_ENABLE_OBJC_ARC = YES;
				CLANG_WARN_BOOL_CONVERSION = YES;
				CLANG_WARN_CONSTANT_CONVERSION = YES;
				CLANG_WARN_DIRECT_OBJC_ISA_USAGE = YES_ERROR;
				CLANG_WARN_EMPTY_BODY = YES;
				CLANG_WARN_ENUM_CONVERSION = YES;
				CLANG_WARN_INT_CONVERSION = YES;
				CLANG_WARN_OBJC_ROOT_CLASS = YES_ERROR;
				CLANG_WARN_UNREACHABLE_CODE = YES;
				CLANG_WARN__DUPLICATE_METHOD_MATCH = YES;
				"CODE_SIGN_IDENTITY[sdk=iphoneos*]" = "iPhone Developer";
				COPY_PHASE_STRIP = NO;
				ENABLE_STRICT_OBJC_MSGSEND = YES;
				GCC_C_LANGUAGE_STANDARD = gnu99;
				GCC_DYNAMIC_NO_PIC = NO;
				GCC_OPTIMIZATION_LEVEL = 0;
				GCC_PREPROCESSOR_DEFINITIONS = (
					"DEBUG=1",
					"$(inherited)",
				);
				GCC_SYMBOLS_PRIVATE_EXTERN = NO;
				GCC_WARN_64_TO_32_BIT_CONVERSION = YES;
				GCC_WARN_ABOUT_RETURN_TYPE = YES_ERROR;
				GCC_WARN_UNDECLARED_SELECTOR = YES;
				GCC_WARN_UNINITIALIZED_AUTOS = YES_AGGRESSIVE;
				GCC_WARN_UNUSED_FUNCTION = YES;
				GCC_WARN_UNUSED_VARIABLE = YES;
				IPHONEOS_DEPLOYMENT_TARGET = 8.1;
				MTL_ENABLE_DEBUG_INFO = YES;
				ONLY_ACTIVE_ARCH = YES;
				SDKROOT = iphoneos;
			};
			name = Debug;
		};
		BC0B35651AABAB54009FB458 /* Release */ = {
			isa = XCBuildConfiguration;
			buildSettings = {
				ALWAYS_SEARCH_USER_PATHS = NO;
				CLANG_CXX_LANGUAGE_STANDARD = "gnu++0x";
				CLANG_CXX_LIBRARY = "libc++";
				CLANG_ENABLE_MODULES = YES;
				CLANG_ENABLE_OBJC_ARC = YES;
				CLANG_WARN_BOOL_CONVERSION = YES;
				CLANG_WARN_CONSTANT_CONVERSION = YES;
				CLANG_WARN_DIRECT_OBJC_ISA_USAGE = YES_ERROR;
				CLANG_WARN_EMPTY_BODY = YES;
				CLANG_WARN_ENUM_CONVERSION = YES;
				CLANG_WARN_INT_CONVERSION = YES;
				CLANG_WARN_OBJC_ROOT_CLASS = YES_ERROR;
				CLANG_WARN_UNREACHABLE_CODE = YES;
				CLANG_WARN__DUPLICATE_METHOD_MATCH = YES;
				"CODE_SIGN_IDENTITY[sdk=iphoneos*]" = "iPhone Developer";
				COPY_PHASE_STRIP = YES;
				ENABLE_NS_ASSERTIONS = NO;
				ENABLE_STRICT_OBJC_MSGSEND = YES;
				GCC_C_LANGUAGE_STANDARD = gnu99;
				GCC_WARN_64_TO_32_BIT_CONVERSION = YES;
				GCC_WARN_ABOUT_RETURN_TYPE = YES_ERROR;
				GCC_WARN_UNDECLARED_SELECTOR = YES;
				GCC_WARN_UNINITIALIZED_AUTOS = YES_AGGRESSIVE;
				GCC_WARN_UNUSED_FUNCTION = YES;
				GCC_WARN_UNUSED_VARIABLE = YES;
				IPHONEOS_DEPLOYMENT_TARGET = 8.1;
				MTL_ENABLE_DEBUG_INFO = NO;
				SDKROOT = iphoneos;
				VALIDATE_PRODUCT = YES;
			};
			name = Release;
		};
		BC0B35671AABAB55009FB458 /* Debug */ = {
			isa = XCBuildConfiguration;
			buildSettings = {
				ASSETCATALOG_COMPILER_APPICON_NAME = AppIcon;
				INFOPLIST_FILE = SlangApp/Info.plist;
				LD_RUNPATH_SEARCH_PATHS = "$(inherited) @executable_path/Frameworks";
				PRODUCT_NAME = "$(TARGET_NAME)";
			};
			name = Debug;
		};
		BC0B35681AABAB55009FB458 /* Release */ = {
			isa = XCBuildConfiguration;
			buildSettings = {
				ASSETCATALOG_COMPILER_APPICON_NAME = AppIcon;
				INFOPLIST_FILE = SlangApp/Info.plist;
				LD_RUNPATH_SEARCH_PATHS = "$(inherited) @executable_path/Frameworks";
				PRODUCT_NAME = "$(TARGET_NAME)";
			};
			name = Release;
		};
		BC0B356A1AABAB55009FB458 /* Debug */ = {
			isa = XCBuildConfiguration;
			buildSettings = {
				BUNDLE_LOADER = "$(TEST_HOST)";
				FRAMEWORK_SEARCH_PATHS = (
					"$(SDKROOT)/Developer/Library/Frameworks",
					"$(inherited)",
				);
				GCC_PREPROCESSOR_DEFINITIONS = (
					"DEBUG=1",
					"$(inherited)",
				);
				INFOPLIST_FILE = SlangAppTests/Info.plist;
				LD_RUNPATH_SEARCH_PATHS = "$(inherited) @executable_path/Frameworks @loader_path/Frameworks";
				PRODUCT_NAME = "$(TARGET_NAME)";
				TEST_HOST = "$(BUILT_PRODUCTS_DIR)/SlangApp.app/SlangApp";
			};
			name = Debug;
		};
		BC0B356B1AABAB55009FB458 /* Release */ = {
			isa = XCBuildConfiguration;
			buildSettings = {
				BUNDLE_LOADER = "$(TEST_HOST)";
				FRAMEWORK_SEARCH_PATHS = (
					"$(SDKROOT)/Developer/Library/Frameworks",
					"$(inherited)",
				);
				INFOPLIST_FILE = SlangAppTests/Info.plist;
				LD_RUNPATH_SEARCH_PATHS = "$(inherited) @executable_path/Frameworks @loader_path/Frameworks";
				PRODUCT_NAME = "$(TARGET_NAME)";
				TEST_HOST = "$(BUILT_PRODUCTS_DIR)/SlangApp.app/SlangApp";
			};
			name = Release;
		};
/* End XCBuildConfiguration section */

/* Begin XCConfigurationList section */
		BC0B353E1AABAB54009FB458 /* Build configuration list for PBXProject "SlangApp" */ = {
			isa = XCConfigurationList;
			buildConfigurations = (
				BC0B35641AABAB54009FB458 /* Debug */,
				BC0B35651AABAB54009FB458 /* Release */,
			);
			defaultConfigurationIsVisible = 0;
			defaultConfigurationName = Release;
		};
		BC0B35661AABAB55009FB458 /* Build configuration list for PBXNativeTarget "SlangApp" */ = {
			isa = XCConfigurationList;
			buildConfigurations = (
				BC0B35671AABAB55009FB458 /* Debug */,
				BC0B35681AABAB55009FB458 /* Release */,
			);
			defaultConfigurationIsVisible = 0;
		};
		BC0B35691AABAB55009FB458 /* Build configuration list for PBXNativeTarget "SlangAppTests" */ = {
			isa = XCConfigurationList;
			buildConfigurations = (
				BC0B356A1AABAB55009FB458 /* Debug */,
				BC0B356B1AABAB55009FB458 /* Release */,
			);
			defaultConfigurationIsVisible = 0;
		};
/* End XCConfigurationList section */
	};
	rootObject = BC0B353B1AABAB54009FB458 /* Project object */;
}
